
Microsoft Visual Studio Solution File, Format Version 12.00
# Visual Studio Version 17
VisualStudioVersion = 17.2.32630.192
MinimumVisualStudioVersion = 10.0.40219.1
Project("{9A19103F-16F7-4668-BE54-9A1E7A4F7556}") = "TestingControllersSample", "TestingControllersSample.csproj", "{19035872-B9BC-46F5-A9BB-F7BE63B55EEF}"
EndProject
Project("{9A19103F-16F7-4668-BE54-9A1E7A4F7556}") = "TestingControllersSample.Tests", "..\..\tests\TestingControllersSample.Tests\TestingControllersSample.Tests.csproj", "{FEF1F0AB-800D-4939-8894-12D64E743506}"
EndProject
Global
	GlobalSection(SolutionConfigurationPlatforms) = preSolution
		Debug|Any CPU = Debug|Any CPU
		Release|Any CPU = Release|Any CPU
	EndGlobalSection
	GlobalSection(ProjectConfigurationPlatforms) = postSolution
		{19035872-B9BC-46F5-A9BB-F7BE63B55EEF}.Debug|Any CPU.ActiveCfg = Debug|Any CPU
		{19035872-B9BC-46F5-A9BB-F7BE63B55EEF}.Debug|Any CPU.Build.0 = Debug|Any CPU
		{19035872-B9BC-46F5-A9BB-F7BE63B55EEF}.Release|Any CPU.ActiveCfg = Release|Any CPU
		{19035872-B9BC-46F5-A9BB-F7BE63B55EEF}.Release|Any CPU.Build.0 = Release|Any CPU
		{FEF1F0AB-800D-4939-8894-12D64E743506}.Debug|Any CPU.ActiveCfg = Debug|Any CPU
		{FEF1F0AB-800D-4939-8894-12D64E743506}.Debug|Any CPU.Build.0 = Debug|Any CPU
		{FEF1F0AB-800D-4939-8894-12D64E743506}.Release|Any CPU.ActiveCfg = Release|Any CPU
		{FEF1F0AB-800D-4939-8894-12D64E743506}.Release|Any CPU.Build.0 = Release|Any CPU
	EndGlobalSection
	GlobalSection(SolutionProperties) = preSolution
		HideSolutionNode = FALSE
	EndGlobalSection
	GlobalSection(ExtensibilityGlobals) = postSolution
		SolutionGuid = {9DCAD280-46FD-4F24-9020-00B7D4AA40B6}
	EndGlobalSection
EndGlobal
